{
  "name": "Gee-Arr-Eff",
  "lockfileVersion": 3,
  "requires": true,
  "packages": {
    "": {
      "dependencies": {
        "nbtify": "^1.75.0"
      },
      "devDependencies": {
        "@types/node": "^20.8.8"
      }
    },
    "node_modules/@types/node": {
      "version": "20.8.8",
      "resolved": "https://registry.npmjs.org/@types/node/-/node-20.8.8.tgz",
      "integrity": "sha512-YRsdVxq6OaLfmR9Hy816IMp33xOBjfyOgUd77ehqg96CFywxAPbDbXvAsuN2KVg2HOT8Eh6uAfU+l4WffwPVrQ==",
      "dev": true,
      "dependencies": {
        "undici-types": "~5.25.1"
      }
    },
    "node_modules/nbtify": {
      "version": "1.75.0",
      "resolved": "https://registry.npmjs.org/nbtify/-/nbtify-1.75.0.tgz",
      "integrity": "sha512-7UuoUWhs+5FgazW5c/nyEe+cmRt6NyW0Gb9FM5NzEcfLWzwA+9PlhOGRojVEQBgGPRSmXTB9H2Ln0bHQjNvMgA==",
      "bin": {
        "nbtify": "dist/bin/index.js"
      }
    },
    "node_modules/undici-types": {
      "version": "5.25.3",
      "resolved": "https://registry.npmjs.org/undici-types/-/undici-types-5.25.3.tgz",
      "integrity": "sha512-Ga1jfYwRn7+cP9v8auvEXN1rX3sWqlayd4HP7OKk4mZWylEmu3KzXDUGrQUN6Ol7qo1gPvB2e5gX6udnyEPgdA==",
      "dev": true
    }
  }
}
